
Microsoft Visual Studio Solution File, Format Version 12.00
# Visual Studio Version 16
VisualStudioVersion = 16.0.808.7
MinimumVisualStudioVersion = 10.0.40219.1
Project("{FAE04EC0-301F-11D3-BF4B-00C04F79EFBC}") = "GreetingApp", "GreetingApp\GreetingApp.csproj", "{8299F18B-E879-4E63-AD62-B5EC9C72BB71}"
EndProject
Global
	GlobalSection(SolutionConfigurationPlatforms) = preSolution
		Debug|Any CPU = Debug|Any CPU
		Release|Any CPU = Release|Any CPU
	EndGlobalSection
	GlobalSection(ProjectConfigurationPlatforms) = postSolution
		{8299F18B-E879-4E63-AD62-B5EC9C72BB71}.Debug|Any CPU.ActiveCfg = Debug|Any CPU
		{8299F18B-E879-4E63-AD62-B5EC9C72BB71}.Debug|Any CPU.Build.0 = Debug|Any CPU
		{8299F18B-E879-4E63-AD62-B5EC9C72BB71}.Release|Any CPU.ActiveCfg = Release|Any CPU
		{8299F18B-E879-4E63-AD62-B5EC9C72BB71}.Release|Any CPU.Build.0 = Release|Any CPU
	EndGlobalSection
	GlobalSection(SolutionProperties) = preSolution
		HideSolutionNode = FALSE
	EndGlobalSection
	GlobalSection(ExtensibilityGlobals) = postSolution
		SolutionGuid = {A4779D1C-244D-4506-BC1C-B7129FB68034}
	EndGlobalSection
EndGlobal
